
Microsoft Visual Studio Solution File, Format Version 12.00
# Visual Studio Version 16
VisualStudioVersion = 16.0.31321.278
MinimumVisualStudioVersion = 10.0.40219.1
Project("{FAE04EC0-301F-11D3-BF4B-00C04F79EFBC}") = "SimpleDockerApiService", "SimpleDockerApiService\SimpleDockerApiService.csproj", "{0DC08778-AB1B-4FD4-89FF-69B917AFD654}"
EndProject
Global
	GlobalSection(SolutionConfigurationPlatforms) = preSolution
		Debug|Any CPU = Debug|Any CPU
		Release|Any CPU = Release|Any CPU
	EndGlobalSection
	GlobalSection(ProjectConfigurationPlatforms) = postSolution
		{0DC08778-AB1B-4FD4-89FF-69B917AFD654}.Debug|Any CPU.ActiveCfg = Debug|Any CPU
		{0DC08778-AB1B-4FD4-89FF-69B917AFD654}.Debug|Any CPU.Build.0 = Debug|Any CPU
		{0DC08778-AB1B-4FD4-89FF-69B917AFD654}.Release|Any CPU.ActiveCfg = Release|Any CPU
		{0DC08778-AB1B-4FD4-89FF-69B917AFD654}.Release|Any CPU.Build.0 = Release|Any CPU
	EndGlobalSection
	GlobalSection(SolutionProperties) = preSolution
		HideSolutionNode = FALSE
	EndGlobalSection
	GlobalSection(ExtensibilityGlobals) = postSolution
		SolutionGuid = {12D63C6A-A442-4B86-B45A-FA84953A4FB9}
	EndGlobalSection
EndGlobal
